// !$*UTF8*$!
{
	archiveVersion = 1;
	classes = {
	};
	objectVersion = 56;
	objects = {

/* Begin PBXBuildFile section */
		530071762C0A7C2700FB176F /* BookResults.swift in Sources */ = {isa = PBXBuildFile; fileRef = 530071752C0A7C2700FB176F /* BookResults.swift */; };
		530071782C0A7C5B00FB176F /* Book.swift in Sources */ = {isa = PBXBuildFile; fileRef = 530071772C0A7C5B00FB176F /* Book.swift */; };
		5300717A2C0A7C8E00FB176F /* InfoList.swift in Sources */ = {isa = PBXBuildFile; fileRef = 530071792C0A7C8E00FB176F /* InfoList.swift */; };
		5300717C2C0A7CAD00FB176F /* List.swift in Sources */ = {isa = PBXBuildFile; fileRef = 5300717B2C0A7CAD00FB176F /* List.swift */; };
		530071822C0A8BCD00FB176F /* CalendarVC.swift in Sources */ = {isa = PBXBuildFile; fileRef = 530071812C0A8BCD00FB176F /* CalendarVC.swift */; };
		532D2DE52C1AAED60047DD91 /* TopBooksVC + Network.swift in Sources */ = {isa = PBXBuildFile; fileRef = 532D2DE42C1AAED60047DD91 /* TopBooksVC + Network.swift */; };
		532D2DE72C1AB00F0047DD91 /* TopBooksVC + CollectionView.swift in Sources */ = {isa = PBXBuildFile; fileRef = 532D2DE62C1AB00F0047DD91 /* TopBooksVC + CollectionView.swift */; };
		532D2DE92C1AB0DB0047DD91 /* TopBooksViewCell + Network.swift in Sources */ = {isa = PBXBuildFile; fileRef = 532D2DE82C1AB0DB0047DD91 /* TopBooksViewCell + Network.swift */; };
		532D2DEB2C1AB7A40047DD91 /* TabBarVC + Delegate.swift in Sources */ = {isa = PBXBuildFile; fileRef = 532D2DEA2C1AB7A40047DD91 /* TabBarVC + Delegate.swift */; };
		53472C9D2C3DF44C00BC1466 /* AppDataFormatter.swift in Sources */ = {isa = PBXBuildFile; fileRef = 53472C9C2C3DF44C00BC1466 /* AppDataFormatter.swift */; };
		53472C9F2C3E037000BC1466 /* CalendarVC + Extensions.swift in Sources */ = {isa = PBXBuildFile; fileRef = 53472C9E2C3E037000BC1466 /* CalendarVC + Extensions.swift */; };
		5368EB742C1B7F810096BF28 /* BookInfoVC + NSCache.swift in Sources */ = {isa = PBXBuildFile; fileRef = 5368EB732C1B7F810096BF28 /* BookInfoVC + NSCache.swift */; };
		5368EB762C1B80060096BF28 /* FavoritesVC + CoreData.swift in Sources */ = {isa = PBXBuildFile; fileRef = 5368EB752C1B80060096BF28 /* FavoritesVC + CoreData.swift */; };
		5368EB782C1B81250096BF28 /* FavoriteVC + TableView.swift in Sources */ = {isa = PBXBuildFile; fileRef = 5368EB772C1B81250096BF28 /* FavoriteVC + TableView.swift */; };
		5368EB7A2C1B8D740096BF28 /* Notifications.swift in Sources */ = {isa = PBXBuildFile; fileRef = 5368EB792C1B8D740096BF28 /* Notifications.swift */; };
		5368EB8B2C1D22F60096BF28 /* CalendarVCTest.swift in Sources */ = {isa = PBXBuildFile; fileRef = 5368EB8A2C1D22F60096BF28 /* CalendarVCTest.swift */; };
		53697D8C2C2BAB04003F5592 /* NetworkManagerProtocol.swift in Sources */ = {isa = PBXBuildFile; fileRef = 53697D8B2C2BAB04003F5592 /* NetworkManagerProtocol.swift */; };
		53697D8E2C2BB876003F5592 /* MockNetworkManager.swift in Sources */ = {isa = PBXBuildFile; fileRef = 53697D8D2C2BB876003F5592 /* MockNetworkManager.swift */; };
		53697D902C2BBD55003F5592 /* NetworkManagerTest.swift in Sources */ = {isa = PBXBuildFile; fileRef = 53697D8F2C2BBD55003F5592 /* NetworkManagerTest.swift */; };
		53697D922C2CF23A003F5592 /* CategotyListResponse.json in Resources */ = {isa = PBXBuildFile; fileRef = 53697D912C2CF23A003F5592 /* CategotyListResponse.json */; };
		53697D982C2CF3C5003F5592 /* TopBooksListResponse.json in Resources */ = {isa = PBXBuildFile; fileRef = 53697D972C2CF3C5003F5592 /* TopBooksListResponse.json */; };
		53697DA42C2D0546003F5592 /* QuotaLimitResponse.json in Resources */ = {isa = PBXBuildFile; fileRef = 53697DA32C2D0546003F5592 /* QuotaLimitResponse.json */; };
		53697DA62C2E1624003F5592 /* CoreDataStack.swift in Sources */ = {isa = PBXBuildFile; fileRef = 53697DA52C2E1624003F5592 /* CoreDataStack.swift */; };
		53697DA82C2E1840003F5592 /* CoreDataManagerProtocol.swift in Sources */ = {isa = PBXBuildFile; fileRef = 53697DA72C2E1840003F5592 /* CoreDataManagerProtocol.swift */; };
		53697DAA2C2E1B2E003F5592 /* CoreDataManagerTest.swift in Sources */ = {isa = PBXBuildFile; fileRef = 53697DA92C2E1B2E003F5592 /* CoreDataManagerTest.swift */; };
		53697DAC2C2E1C04003F5592 /* MockCoreDataStack.swift in Sources */ = {isa = PBXBuildFile; fileRef = 53697DAB2C2E1C04003F5592 /* MockCoreDataStack.swift */; };
		537592762C0FA3F60074D220 /* ActivityIndicator.swift in Sources */ = {isa = PBXBuildFile; fileRef = 537592752C0FA3F60074D220 /* ActivityIndicator.swift */; };
		537592782C0FA4790074D220 /* CategoryListVC + Network.swift in Sources */ = {isa = PBXBuildFile; fileRef = 537592772C0FA4790074D220 /* CategoryListVC + Network.swift */; };
		5375927A2C0FA5B30074D220 /* CategoryListVC + TableView.swift in Sources */ = {isa = PBXBuildFile; fileRef = 537592792C0FA5B30074D220 /* CategoryListVC + TableView.swift */; };
		5375927C2C0FD8740074D220 /* UIAlertController.swift in Sources */ = {isa = PBXBuildFile; fileRef = 5375927B2C0FD8740074D220 /* UIAlertController.swift */; };
		5379F9E02BCCBD32003C9023 /* FavoriteViewCell.swift in Sources */ = {isa = PBXBuildFile; fileRef = 5379F9DF2BCCBD32003C9023 /* FavoriteViewCell.swift */; };
		537DF8A32C2FB136005D31E8 /* FavoriteViewCell + Extension.swift in Sources */ = {isa = PBXBuildFile; fileRef = 537DF8A22C2FB136005D31E8 /* FavoriteViewCell + Extension.swift */; };
		538689862BC4D243000B79B7 /* Assets.xcassets in Resources */ = {isa = PBXBuildFile; fileRef = 538689852BC4D243000B79B7 /* Assets.xcassets */; };
		538689892BC4D243000B79B7 /* Base in Resources */ = {isa = PBXBuildFile; fileRef = 538689882BC4D243000B79B7 /* Base */; };
		53868B712BC4FD7D000B79B7 /* TopBooksList.swift in Sources */ = {isa = PBXBuildFile; fileRef = 53868B6E2BC4FD7D000B79B7 /* TopBooksList.swift */; };
		53868B722BC4FD7D000B79B7 /* CategotyList.swift in Sources */ = {isa = PBXBuildFile; fileRef = 53868B6F2BC4FD7D000B79B7 /* CategotyList.swift */; };
		53868B772BC4FD8A000B79B7 /* NetworkManager.swift in Sources */ = {isa = PBXBuildFile; fileRef = 53868B742BC4FD89000B79B7 /* NetworkManager.swift */; };
		53868B792BC4FD8A000B79B7 /* ImageCacheManager.swift in Sources */ = {isa = PBXBuildFile; fileRef = 53868B762BC4FD89000B79B7 /* ImageCacheManager.swift */; };
		53868B812BC4FD9C000B79B7 /* TopBooksVC.swift in Sources */ = {isa = PBXBuildFile; fileRef = 53868B7A2BC4FD9C000B79B7 /* TopBooksVC.swift */; };
		53868B822BC4FD9C000B79B7 /* CategoryListVC.swift in Sources */ = {isa = PBXBuildFile; fileRef = 53868B7B2BC4FD9C000B79B7 /* CategoryListVC.swift */; };
		53868B832BC4FD9C000B79B7 /* FavoritesVC.swift in Sources */ = {isa = PBXBuildFile; fileRef = 53868B7C2BC4FD9C000B79B7 /* FavoritesVC.swift */; };
		53868B842BC4FD9C000B79B7 /* TopBooksViewCell.swift in Sources */ = {isa = PBXBuildFile; fileRef = 53868B7D2BC4FD9C000B79B7 /* TopBooksViewCell.swift */; };
		53868B852BC4FD9C000B79B7 /* BookInfoVC.swift in Sources */ = {isa = PBXBuildFile; fileRef = 53868B7E2BC4FD9C000B79B7 /* BookInfoVC.swift */; };
		53868B862BC4FD9C000B79B7 /* TabBarVC.swift in Sources */ = {isa = PBXBuildFile; fileRef = 53868B7F2BC4FD9C000B79B7 /* TabBarVC.swift */; };
		53868B8A2BC4FDCD000B79B7 /* SceneDelegate.swift in Sources */ = {isa = PBXBuildFile; fileRef = 53868B882BC4FDCD000B79B7 /* SceneDelegate.swift */; };
		53868B8B2BC4FDCD000B79B7 /* AppDelegate.swift in Sources */ = {isa = PBXBuildFile; fileRef = 53868B892BC4FDCD000B79B7 /* AppDelegate.swift */; };
		5386C1132BC608D3005EF50F /* BestSellers_Explorer.xcdatamodeld in Sources */ = {isa = PBXBuildFile; fileRef = 5386C1112BC608D3005EF50F /* BestSellers_Explorer.xcdatamodeld */; };
		5386C1152BC608E7005EF50F /* CoreDataManager.swift in Sources */ = {isa = PBXBuildFile; fileRef = 5386C1142BC608E7005EF50F /* CoreDataManager.swift */; };
		53C373362C2F52E8003A9B0D /* CategoryListProtocol.swift in Sources */ = {isa = PBXBuildFile; fileRef = 53C373352C2F52E8003A9B0D /* CategoryListProtocol.swift */; };
/* End PBXBuildFile section */

/* Begin PBXContainerItemProxy section */
		5368EB852C1D228C0096BF28 /* PBXContainerItemProxy */ = {
			isa = PBXContainerItemProxy;
			containerPortal = 538689712BC4D242000B79B7 /* Project object */;
			proxyType = 1;
			remoteGlobalIDString = 538689782BC4D242000B79B7;
			remoteInfo = "BestSellers Explorer";
		};
/* End PBXContainerItemProxy section */

/* Begin PBXFileReference section */
		530071752C0A7C2700FB176F /* BookResults.swift */ = {isa = PBXFileReference; lastKnownFileType = sourcecode.swift; path = BookResults.swift; sourceTree = "<group>"; };
		530071772C0A7C5B00FB176F /* Book.swift */ = {isa = PBXFileReference; lastKnownFileType = sourcecode.swift; path = Book.swift; sourceTree = "<group>"; };
		530071792C0A7C8E00FB176F /* InfoList.swift */ = {isa = PBXFileReference; lastKnownFileType = sourcecode.swift; path = InfoList.swift; sourceTree = "<group>"; };
		5300717B2C0A7CAD00FB176F /* List.swift */ = {isa = PBXFileReference; lastKnownFileType = sourcecode.swift; path = List.swift; sourceTree = "<group>"; };
		530071812C0A8BCD00FB176F /* CalendarVC.swift */ = {isa = PBXFileReference; lastKnownFileType = sourcecode.swift; path = CalendarVC.swift; sourceTree = "<group>"; };
		532D2DE42C1AAED60047DD91 /* TopBooksVC + Network.swift */ = {isa = PBXFileReference; lastKnownFileType = sourcecode.swift; path = "TopBooksVC + Network.swift"; sourceTree = "<group>"; };
		532D2DE62C1AB00F0047DD91 /* TopBooksVC + CollectionView.swift */ = {isa = PBXFileReference; lastKnownFileType = sourcecode.swift; path = "TopBooksVC + CollectionView.swift"; sourceTree = "<group>"; };
		532D2DE82C1AB0DB0047DD91 /* TopBooksViewCell + Network.swift */ = {isa = PBXFileReference; lastKnownFileType = sourcecode.swift; path = "TopBooksViewCell + Network.swift"; sourceTree = "<group>"; };
		532D2DEA2C1AB7A40047DD91 /* TabBarVC + Delegate.swift */ = {isa = PBXFileReference; lastKnownFileType = sourcecode.swift; path = "TabBarVC + Delegate.swift"; sourceTree = "<group>"; };
		53472C9C2C3DF44C00BC1466 /* AppDataFormatter.swift */ = {isa = PBXFileReference; lastKnownFileType = sourcecode.swift; path = AppDataFormatter.swift; sourceTree = "<group>"; };
		53472C9E2C3E037000BC1466 /* CalendarVC + Extensions.swift */ = {isa = PBXFileReference; fileEncoding = 4; lastKnownFileType = sourcecode.swift; name = "CalendarVC + Extensions.swift"; path = "../../../../../.Trash/CalendarVC + Extensions.swift"; sourceTree = "<group>"; };
		5368EB732C1B7F810096BF28 /* BookInfoVC + NSCache.swift */ = {isa = PBXFileReference; lastKnownFileType = sourcecode.swift; path = "BookInfoVC + NSCache.swift"; sourceTree = "<group>"; };
		5368EB752C1B80060096BF28 /* FavoritesVC + CoreData.swift */ = {isa = PBXFileReference; lastKnownFileType = sourcecode.swift; path = "FavoritesVC + CoreData.swift"; sourceTree = "<group>"; };
		5368EB772C1B81250096BF28 /* FavoriteVC + TableView.swift */ = {isa = PBXFileReference; lastKnownFileType = sourcecode.swift; path = "FavoriteVC + TableView.swift"; sourceTree = "<group>"; };
		5368EB792C1B8D740096BF28 /* Notifications.swift */ = {isa = PBXFileReference; lastKnownFileType = sourcecode.swift; path = Notifications.swift; sourceTree = "<group>"; };
		5368EB812C1D228C0096BF28 /* BestSellers ExplorerTests.xctest */ = {isa = PBXFileReference; explicitFileType = wrapper.cfbundle; includeInIndex = 0; path = "BestSellers ExplorerTests.xctest"; sourceTree = BUILT_PRODUCTS_DIR; };
		5368EB8A2C1D22F60096BF28 /* CalendarVCTest.swift */ = {isa = PBXFileReference; lastKnownFileType = sourcecode.swift; path = CalendarVCTest.swift; sourceTree = "<group>"; };
		53697D8B2C2BAB04003F5592 /* NetworkManagerProtocol.swift */ = {isa = PBXFileReference; lastKnownFileType = sourcecode.swift; path = NetworkManagerProtocol.swift; sourceTree = "<group>"; };
		53697D8D2C2BB876003F5592 /* MockNetworkManager.swift */ = {isa = PBXFileReference; lastKnownFileType = sourcecode.swift; path = MockNetworkManager.swift; sourceTree = "<group>"; };
		53697D8F2C2BBD55003F5592 /* NetworkManagerTest.swift */ = {isa = PBXFileReference; lastKnownFileType = sourcecode.swift; path = NetworkManagerTest.swift; sourceTree = "<group>"; };
		53697D912C2CF23A003F5592 /* CategotyListResponse.json */ = {isa = PBXFileReference; lastKnownFileType = text.json; path = CategotyListResponse.json; sourceTree = "<group>"; };
		53697D972C2CF3C5003F5592 /* TopBooksListResponse.json */ = {isa = PBXFileReference; lastKnownFileType = text.json; path = TopBooksListResponse.json; sourceTree = "<group>"; };
		53697DA32C2D0546003F5592 /* QuotaLimitResponse.json */ = {isa = PBXFileReference; lastKnownFileType = text.json; path = QuotaLimitResponse.json; sourceTree = "<group>"; };
		53697DA52C2E1624003F5592 /* CoreDataStack.swift */ = {isa = PBXFileReference; lastKnownFileType = sourcecode.swift; path = CoreDataStack.swift; sourceTree = "<group>"; };
		53697DA72C2E1840003F5592 /* CoreDataManagerProtocol.swift */ = {isa = PBXFileReference; lastKnownFileType = sourcecode.swift; path = CoreDataManagerProtocol.swift; sourceTree = "<group>"; };
		53697DA92C2E1B2E003F5592 /* CoreDataManagerTest.swift */ = {isa = PBXFileReference; lastKnownFileType = sourcecode.swift; path = CoreDataManagerTest.swift; sourceTree = "<group>"; };
		53697DAB2C2E1C04003F5592 /* MockCoreDataStack.swift */ = {isa = PBXFileReference; lastKnownFileType = sourcecode.swift; path = MockCoreDataStack.swift; sourceTree = "<group>"; };
		537592752C0FA3F60074D220 /* ActivityIndicator.swift */ = {isa = PBXFileReference; lastKnownFileType = sourcecode.swift; path = ActivityIndicator.swift; sourceTree = "<group>"; };
		537592772C0FA4790074D220 /* CategoryListVC + Network.swift */ = {isa = PBXFileReference; lastKnownFileType = sourcecode.swift; path = "CategoryListVC + Network.swift"; sourceTree = "<group>"; };
		537592792C0FA5B30074D220 /* CategoryListVC + TableView.swift */ = {isa = PBXFileReference; lastKnownFileType = sourcecode.swift; path = "CategoryListVC + TableView.swift"; sourceTree = "<group>"; };
		5375927B2C0FD8740074D220 /* UIAlertController.swift */ = {isa = PBXFileReference; lastKnownFileType = sourcecode.swift; path = UIAlertController.swift; sourceTree = "<group>"; };
		5379F9DF2BCCBD32003C9023 /* FavoriteViewCell.swift */ = {isa = PBXFileReference; lastKnownFileType = sourcecode.swift; path = FavoriteViewCell.swift; sourceTree = "<group>"; };
		537DF8A22C2FB136005D31E8 /* FavoriteViewCell + Extension.swift */ = {isa = PBXFileReference; lastKnownFileType = sourcecode.swift; path = "FavoriteViewCell + Extension.swift"; sourceTree = "<group>"; };
		538689792BC4D242000B79B7 /* BestSellers Explorer.app */ = {isa = PBXFileReference; explicitFileType = wrapper.application; includeInIndex = 0; path = "BestSellers Explorer.app"; sourceTree = BUILT_PRODUCTS_DIR; };
		538689852BC4D243000B79B7 /* Assets.xcassets */ = {isa = PBXFileReference; lastKnownFileType = folder.assetcatalog; path = Assets.xcassets; sourceTree = "<group>"; };
		538689882BC4D243000B79B7 /* Base */ = {isa = PBXFileReference; lastKnownFileType = file.storyboard; name = Base; path = Base.lproj/LaunchScreen.storyboard; sourceTree = "<group>"; };
		5386898A2BC4D243000B79B7 /* Info.plist */ = {isa = PBXFileReference; lastKnownFileType = text.plist.xml; path = Info.plist; sourceTree = "<group>"; };
		53868B6E2BC4FD7D000B79B7 /* TopBooksList.swift */ = {isa = PBXFileReference; fileEncoding = 4; lastKnownFileType = sourcecode.swift; path = TopBooksList.swift; sourceTree = "<group>"; };
		53868B6F2BC4FD7D000B79B7 /* CategotyList.swift */ = {isa = PBXFileReference; fileEncoding = 4; lastKnownFileType = sourcecode.swift; path = CategotyList.swift; sourceTree = "<group>"; };
		53868B742BC4FD89000B79B7 /* NetworkManager.swift */ = {isa = PBXFileReference; fileEncoding = 4; lastKnownFileType = sourcecode.swift; path = NetworkManager.swift; sourceTree = "<group>"; };
		53868B762BC4FD89000B79B7 /* ImageCacheManager.swift */ = {isa = PBXFileReference; fileEncoding = 4; lastKnownFileType = sourcecode.swift; path = ImageCacheManager.swift; sourceTree = "<group>"; };
		53868B7A2BC4FD9C000B79B7 /* TopBooksVC.swift */ = {isa = PBXFileReference; fileEncoding = 4; lastKnownFileType = sourcecode.swift; path = TopBooksVC.swift; sourceTree = "<group>"; };
		53868B7B2BC4FD9C000B79B7 /* CategoryListVC.swift */ = {isa = PBXFileReference; fileEncoding = 4; lastKnownFileType = sourcecode.swift; path = CategoryListVC.swift; sourceTree = "<group>"; };
		53868B7C2BC4FD9C000B79B7 /* FavoritesVC.swift */ = {isa = PBXFileReference; fileEncoding = 4; lastKnownFileType = sourcecode.swift; path = FavoritesVC.swift; sourceTree = "<group>"; };
		53868B7D2BC4FD9C000B79B7 /* TopBooksViewCell.swift */ = {isa = PBXFileReference; fileEncoding = 4; lastKnownFileType = sourcecode.swift; path = TopBooksViewCell.swift; sourceTree = "<group>"; };
		53868B7E2BC4FD9C000B79B7 /* BookInfoVC.swift */ = {isa = PBXFileReference; fileEncoding = 4; lastKnownFileType = sourcecode.swift; path = BookInfoVC.swift; sourceTree = "<group>"; };
		53868B7F2BC4FD9C000B79B7 /* TabBarVC.swift */ = {isa = PBXFileReference; fileEncoding = 4; lastKnownFileType = sourcecode.swift; path = TabBarVC.swift; sourceTree = "<group>"; };
		53868B882BC4FDCD000B79B7 /* SceneDelegate.swift */ = {isa = PBXFileReference; fileEncoding = 4; lastKnownFileType = sourcecode.swift; path = SceneDelegate.swift; sourceTree = "<group>"; };
		53868B892BC4FDCD000B79B7 /* AppDelegate.swift */ = {isa = PBXFileReference; fileEncoding = 4; lastKnownFileType = sourcecode.swift; path = AppDelegate.swift; sourceTree = "<group>"; };
		5386C1122BC608D3005EF50F /* BestSellers_Explorer.xcdatamodel */ = {isa = PBXFileReference; lastKnownFileType = wrapper.xcdatamodel; path = BestSellers_Explorer.xcdatamodel; sourceTree = "<group>"; };
		5386C1142BC608E7005EF50F /* CoreDataManager.swift */ = {isa = PBXFileReference; lastKnownFileType = sourcecode.swift; path = CoreDataManager.swift; sourceTree = "<group>"; };
		53C373352C2F52E8003A9B0D /* CategoryListProtocol.swift */ = {isa = PBXFileReference; lastKnownFileType = sourcecode.swift; path = CategoryListProtocol.swift; sourceTree = "<group>"; };
/* End PBXFileReference section */

/* Begin PBXFrameworksBuildPhase section */
		5368EB7E2C1D228C0096BF28 /* Frameworks */ = {
			isa = PBXFrameworksBuildPhase;
			buildActionMask = 2147483647;
			files = (
			);
			runOnlyForDeploymentPostprocessing = 0;
		};
		538689762BC4D242000B79B7 /* Frameworks */ = {
			isa = PBXFrameworksBuildPhase;
			buildActionMask = 2147483647;
			files = (
			);
			runOnlyForDeploymentPostprocessing = 0;
		};
/* End PBXFrameworksBuildPhase section */

/* Begin PBXGroup section */
		533865992C0E7FEF00E362CB /* Extensions */ = {
			isa = PBXGroup;
			children = (
				532D2DEA2C1AB7A40047DD91 /* TabBarVC + Delegate.swift */,
				53472C9E2C3E037000BC1466 /* CalendarVC + Extensions.swift */,
				537592772C0FA4790074D220 /* CategoryListVC + Network.swift */,
				537592792C0FA5B30074D220 /* CategoryListVC + TableView.swift */,
				532D2DE42C1AAED60047DD91 /* TopBooksVC + Network.swift */,
				532D2DE62C1AB00F0047DD91 /* TopBooksVC + CollectionView.swift */,
				532D2DE82C1AB0DB0047DD91 /* TopBooksViewCell + Network.swift */,
				5368EB732C1B7F810096BF28 /* BookInfoVC + NSCache.swift */,
				5368EB752C1B80060096BF28 /* FavoritesVC + CoreData.swift */,
				5368EB772C1B81250096BF28 /* FavoriteVC + TableView.swift */,
				537DF8A22C2FB136005D31E8 /* FavoriteViewCell + Extension.swift */,
			);
			path = Extensions;
			sourceTree = "<group>";
		};
		5368EB822C1D228C0096BF28 /* BestSellers ExplorerTests */ = {
			isa = PBXGroup;
			children = (
				5368EB8A2C1D22F60096BF28 /* CalendarVCTest.swift */,
				53697D8F2C2BBD55003F5592 /* NetworkManagerTest.swift */,
				53697D8D2C2BB876003F5592 /* MockNetworkManager.swift */,
				53697DAB2C2E1C04003F5592 /* MockCoreDataStack.swift */,
				53697DA92C2E1B2E003F5592 /* CoreDataManagerTest.swift */,
				53697D912C2CF23A003F5592 /* CategotyListResponse.json */,
				53697D972C2CF3C5003F5592 /* TopBooksListResponse.json */,
				53697DA32C2D0546003F5592 /* QuotaLimitResponse.json */,
			);
			path = "BestSellers ExplorerTests";
			sourceTree = "<group>";
		};
		53697D8A2C2BAAEB003F5592 /* Protocols */ = {
			isa = PBXGroup;
			children = (
				53697D8B2C2BAB04003F5592 /* NetworkManagerProtocol.swift */,
				53697DA72C2E1840003F5592 /* CoreDataManagerProtocol.swift */,
				53C373352C2F52E8003A9B0D /* CategoryListProtocol.swift */,
			);
			path = Protocols;
			sourceTree = "<group>";
		};
		537592722C0FA3C40074D220 /* View */ = {
			isa = PBXGroup;
			children = (
				537592752C0FA3F60074D220 /* ActivityIndicator.swift */,
				5375927B2C0FD8740074D220 /* UIAlertController.swift */,
			);
			path = View;
			sourceTree = "<group>";
		};
		538689702BC4D242000B79B7 = {
			isa = PBXGroup;
			children = (
				5386897B2BC4D242000B79B7 /* BestSellers Explorer */,
				5368EB822C1D228C0096BF28 /* BestSellers ExplorerTests */,
				5386897A2BC4D242000B79B7 /* Products */,
			);
			sourceTree = "<group>";
		};
		5386897A2BC4D242000B79B7 /* Products */ = {
			isa = PBXGroup;
			children = (
				538689792BC4D242000B79B7 /* BestSellers Explorer.app */,
				5368EB812C1D228C0096BF28 /* BestSellers ExplorerTests.xctest */,
			);
			name = Products;
			sourceTree = "<group>";
		};
		5386897B2BC4D242000B79B7 /* BestSellers Explorer */ = {
			isa = PBXGroup;
			children = (
				53697D8A2C2BAAEB003F5592 /* Protocols */,
				538689902BC4D946000B79B7 /* Models */,
				538689912BC4D955000B79B7 /* Services */,
				538689922BC4D969000B79B7 /* ViewControllers */,
				537592722C0FA3C40074D220 /* View */,
				533865992C0E7FEF00E362CB /* Extensions */,
				538689932BC4DCF2000B79B7 /* StoryBoards */,
				538689942BC4DCFD000B79B7 /* Resources */,
				538689952BC4DD0A000B79B7 /* App */,
			);
			path = "BestSellers Explorer";
			sourceTree = "<group>";
		};
		538689902BC4D946000B79B7 /* Models */ = {
			isa = PBXGroup;
			children = (
				53868B6F2BC4FD7D000B79B7 /* CategotyList.swift */,
				530071792C0A7C8E00FB176F /* InfoList.swift */,
				5300717B2C0A7CAD00FB176F /* List.swift */,
				53868B6E2BC4FD7D000B79B7 /* TopBooksList.swift */,
				530071752C0A7C2700FB176F /* BookResults.swift */,
				530071772C0A7C5B00FB176F /* Book.swift */,
			);
			path = Models;
			sourceTree = "<group>";
		};
		538689912BC4D955000B79B7 /* Services */ = {
			isa = PBXGroup;
			children = (
				53868B762BC4FD89000B79B7 /* ImageCacheManager.swift */,
				53868B742BC4FD89000B79B7 /* NetworkManager.swift */,
				53697DA52C2E1624003F5592 /* CoreDataStack.swift */,
				5386C1142BC608E7005EF50F /* CoreDataManager.swift */,
				5368EB792C1B8D740096BF28 /* Notifications.swift */,
				53472C9C2C3DF44C00BC1466 /* AppDataFormatter.swift */,
			);
			path = Services;
			sourceTree = "<group>";
		};
		538689922BC4D969000B79B7 /* ViewControllers */ = {
			isa = PBXGroup;
			children = (
				53868B7F2BC4FD9C000B79B7 /* TabBarVC.swift */,
				530071812C0A8BCD00FB176F /* CalendarVC.swift */,
				53868B7B2BC4FD9C000B79B7 /* CategoryListVC.swift */,
				53868B7A2BC4FD9C000B79B7 /* TopBooksVC.swift */,
				53868B7D2BC4FD9C000B79B7 /* TopBooksViewCell.swift */,
				53868B7E2BC4FD9C000B79B7 /* BookInfoVC.swift */,
				53868B7C2BC4FD9C000B79B7 /* FavoritesVC.swift */,
				5379F9DF2BCCBD32003C9023 /* FavoriteViewCell.swift */,
			);
			path = ViewControllers;
			sourceTree = "<group>";
		};
		538689932BC4DCF2000B79B7 /* StoryBoards */ = {
			isa = PBXGroup;
			children = (
				538689872BC4D243000B79B7 /* LaunchScreen.storyboard */,
			);
			path = StoryBoards;
			sourceTree = "<group>";
		};
		538689942BC4DCFD000B79B7 /* Resources */ = {
			isa = PBXGroup;
			children = (
				538689852BC4D243000B79B7 /* Assets.xcassets */,
				5386C1112BC608D3005EF50F /* BestSellers_Explorer.xcdatamodeld */,
			);
			path = Resources;
			sourceTree = "<group>";
		};
		538689952BC4DD0A000B79B7 /* App */ = {
			isa = PBXGroup;
			children = (
				53868B892BC4FDCD000B79B7 /* AppDelegate.swift */,
				53868B882BC4FDCD000B79B7 /* SceneDelegate.swift */,
				5386898A2BC4D243000B79B7 /* Info.plist */,
			);
			path = App;
			sourceTree = "<group>";
		};
/* End PBXGroup section */

/* Begin PBXNativeTarget section */
		5368EB802C1D228C0096BF28 /* BestSellers ExplorerTests */ = {
			isa = PBXNativeTarget;
			buildConfigurationList = 5368EB872C1D228C0096BF28 /* Build configuration list for PBXNativeTarget "BestSellers ExplorerTests" */;
			buildPhases = (
				5368EB7D2C1D228C0096BF28 /* Sources */,
				5368EB7E2C1D228C0096BF28 /* Frameworks */,
				5368EB7F2C1D228C0096BF28 /* Resources */,
			);
			buildRules = (
			);
			dependencies = (
				5368EB862C1D228C0096BF28 /* PBXTargetDependency */,
			);
			name = "BestSellers ExplorerTests";
			productName = "BestSellers ExplorerTests";
			productReference = 5368EB812C1D228C0096BF28 /* BestSellers ExplorerTests.xctest */;
			productType = "com.apple.product-type.bundle.unit-test";
		};
		538689782BC4D242000B79B7 /* BestSellers Explorer */ = {
			isa = PBXNativeTarget;
			buildConfigurationList = 5386898D2BC4D243000B79B7 /* Build configuration list for PBXNativeTarget "BestSellers Explorer" */;
			buildPhases = (
				538689752BC4D242000B79B7 /* Sources */,
				538689762BC4D242000B79B7 /* Frameworks */,
				538689772BC4D242000B79B7 /* Resources */,
			);
			buildRules = (
			);
			dependencies = (
			);
			name = "BestSellers Explorer";
			productName = "BestSellers Explorer";
			productReference = 538689792BC4D242000B79B7 /* BestSellers Explorer.app */;
			productType = "com.apple.product-type.application";
		};
/* End PBXNativeTarget section */

/* Begin PBXProject section */
		538689712BC4D242000B79B7 /* Project object */ = {
			isa = PBXProject;
			attributes = {
				BuildIndependentTargetsInParallel = 1;
				LastSwiftUpdateCheck = 1540;
				LastUpgradeCheck = 1530;
				TargetAttributes = {
					5368EB802C1D228C0096BF28 = {
						CreatedOnToolsVersion = 15.4;
						TestTargetID = 538689782BC4D242000B79B7;
					};
					538689782BC4D242000B79B7 = {
						CreatedOnToolsVersion = 15.3;
					};
				};
			};
			buildConfigurationList = 538689742BC4D242000B79B7 /* Build configuration list for PBXProject "BestSellers Explorer" */;
			compatibilityVersion = "Xcode 14.0";
			developmentRegion = en;
			hasScannedForEncodings = 0;
			knownRegions = (
				en,
				Base,
			);
			mainGroup = 538689702BC4D242000B79B7;
			productRefGroup = 5386897A2BC4D242000B79B7 /* Products */;
			projectDirPath = "";
			projectRoot = "";
			targets = (
				538689782BC4D242000B79B7 /* BestSellers Explorer */,
				5368EB802C1D228C0096BF28 /* BestSellers ExplorerTests */,
			);
		};
/* End PBXProject section */

/* Begin PBXResourcesBuildPhase section */
		5368EB7F2C1D228C0096BF28 /* Resources */ = {
			isa = PBXResourcesBuildPhase;
			buildActionMask = 2147483647;
			files = (
				53697DA42C2D0546003F5592 /* QuotaLimitResponse.json in Resources */,
				53697D982C2CF3C5003F5592 /* TopBooksListResponse.json in Resources */,
				53697D922C2CF23A003F5592 /* CategotyListResponse.json in Resources */,
			);
			runOnlyForDeploymentPostprocessing = 0;
		};
		538689772BC4D242000B79B7 /* Resources */ = {
			isa = PBXResourcesBuildPhase;
			buildActionMask = 2147483647;
			files = (
				538689862BC4D243000B79B7 /* Assets.xcassets in Resources */,
				538689892BC4D243000B79B7 /* Base in Resources */,
			);
			runOnlyForDeploymentPostprocessing = 0;
		};
/* End PBXResourcesBuildPhase section */

/* Begin PBXSourcesBuildPhase section */
		5368EB7D2C1D228C0096BF28 /* Sources */ = {
			isa = PBXSourcesBuildPhase;
			buildActionMask = 2147483647;
			files = (
				53697DAA2C2E1B2E003F5592 /* CoreDataManagerTest.swift in Sources */,
				53697D902C2BBD55003F5592 /* NetworkManagerTest.swift in Sources */,
				53697D8E2C2BB876003F5592 /* MockNetworkManager.swift in Sources */,
				5368EB8B2C1D22F60096BF28 /* CalendarVCTest.swift in Sources */,
				53697DAC2C2E1C04003F5592 /* MockCoreDataStack.swift in Sources */,
			);
			runOnlyForDeploymentPostprocessing = 0;
		};
		538689752BC4D242000B79B7 /* Sources */ = {
			isa = PBXSourcesBuildPhase;
			buildActionMask = 2147483647;
			files = (
				532D2DE72C1AB00F0047DD91 /* TopBooksVC + CollectionView.swift in Sources */,
				53C373362C2F52E8003A9B0D /* CategoryListProtocol.swift in Sources */,
				5368EB762C1B80060096BF28 /* FavoritesVC + CoreData.swift in Sources */,
				5368EB782C1B81250096BF28 /* FavoriteVC + TableView.swift in Sources */,
				53697DA62C2E1624003F5592 /* CoreDataStack.swift in Sources */,
				53868B832BC4FD9C000B79B7 /* FavoritesVC.swift in Sources */,
				53868B8A2BC4FDCD000B79B7 /* SceneDelegate.swift in Sources */,
				5368EB7A2C1B8D740096BF28 /* Notifications.swift in Sources */,
				5300717C2C0A7CAD00FB176F /* List.swift in Sources */,
				53868B842BC4FD9C000B79B7 /* TopBooksViewCell.swift in Sources */,
				5375927C2C0FD8740074D220 /* UIAlertController.swift in Sources */,
				5386C1132BC608D3005EF50F /* BestSellers_Explorer.xcdatamodeld in Sources */,
				5386C1152BC608E7005EF50F /* CoreDataManager.swift in Sources */,
				532D2DE52C1AAED60047DD91 /* TopBooksVC + Network.swift in Sources */,
				53868B8B2BC4FDCD000B79B7 /* AppDelegate.swift in Sources */,
				537592782C0FA4790074D220 /* CategoryListVC + Network.swift in Sources */,
				53868B722BC4FD7D000B79B7 /* CategotyList.swift in Sources */,
				530071762C0A7C2700FB176F /* BookResults.swift in Sources */,
				532D2DEB2C1AB7A40047DD91 /* TabBarVC + Delegate.swift in Sources */,
				53868B822BC4FD9C000B79B7 /* CategoryListVC.swift in Sources */,
				5368EB742C1B7F810096BF28 /* BookInfoVC + NSCache.swift in Sources */,
				53472C9D2C3DF44C00BC1466 /* AppDataFormatter.swift in Sources */,
				53697DA82C2E1840003F5592 /* CoreDataManagerProtocol.swift in Sources */,
				53868B862BC4FD9C000B79B7 /* TabBarVC.swift in Sources */,
				537DF8A32C2FB136005D31E8 /* FavoriteViewCell + Extension.swift in Sources */,
				53697D8C2C2BAB04003F5592 /* NetworkManagerProtocol.swift in Sources */,
				537592762C0FA3F60074D220 /* ActivityIndicator.swift in Sources */,
				53868B792BC4FD8A000B79B7 /* ImageCacheManager.swift in Sources */,
				530071822C0A8BCD00FB176F /* CalendarVC.swift in Sources */,
				530071782C0A7C5B00FB176F /* Book.swift in Sources */,
				532D2DE92C1AB0DB0047DD91 /* TopBooksViewCell + Network.swift in Sources */,
				5375927A2C0FA5B30074D220 /* CategoryListVC + TableView.swift in Sources */,
				5300717A2C0A7C8E00FB176F /* InfoList.swift in Sources */,
				5379F9E02BCCBD32003C9023 /* FavoriteViewCell.swift in Sources */,
				53868B772BC4FD8A000B79B7 /* NetworkManager.swift in Sources */,
				53868B712BC4FD7D000B79B7 /* TopBooksList.swift in Sources */,
				53868B812BC4FD9C000B79B7 /* TopBooksVC.swift in Sources */,
				53472C9F2C3E037000BC1466 /* CalendarVC + Extensions.swift in Sources */,
				53868B852BC4FD9C000B79B7 /* BookInfoVC.swift in Sources */,
			);
			runOnlyForDeploymentPostprocessing = 0;
		};
/* End PBXSourcesBuildPhase section */

/* Begin PBXTargetDependency section */
		5368EB862C1D228C0096BF28 /* PBXTargetDependency */ = {
			isa = PBXTargetDependency;
			target = 538689782BC4D242000B79B7 /* BestSellers Explorer */;
			targetProxy = 5368EB852C1D228C0096BF28 /* PBXContainerItemProxy */;
		};
/* End PBXTargetDependency section */

/* Begin PBXVariantGroup section */
		538689872BC4D243000B79B7 /* LaunchScreen.storyboard */ = {
			isa = PBXVariantGroup;
			children = (
				538689882BC4D243000B79B7 /* Base */,
			);
			name = LaunchScreen.storyboard;
			sourceTree = "<group>";
		};
/* End PBXVariantGroup section */

/* Begin XCBuildConfiguration section */
		5368EB882C1D228C0096BF28 /* Debug */ = {
			isa = XCBuildConfiguration;
			buildSettings = {
				BUNDLE_LOADER = "$(TEST_HOST)";
				CODE_SIGN_STYLE = Automatic;
				CURRENT_PROJECT_VERSION = 1;
				GENERATE_INFOPLIST_FILE = YES;
				IPHONEOS_DEPLOYMENT_TARGET = 17.5;
				MARKETING_VERSION = 1.0;
				PRODUCT_BUNDLE_IDENTIFIER = "AlexBochkarev.BestSellers-ExplorerTests";
				PRODUCT_NAME = "$(TARGET_NAME)";
				SWIFT_EMIT_LOC_STRINGS = NO;
				SWIFT_VERSION = 5.0;
				TARGETED_DEVICE_FAMILY = "1,2";
				TEST_HOST = "$(BUILT_PRODUCTS_DIR)/BestSellers Explorer.app/$(BUNDLE_EXECUTABLE_FOLDER_PATH)/BestSellers Explorer";
			};
			name = Debug;
		};
		5368EB892C1D228C0096BF28 /* Release */ = {
			isa = XCBuildConfiguration;
			buildSettings = {
				BUNDLE_LOADER = "$(TEST_HOST)";
				CODE_SIGN_STYLE = Automatic;
				CURRENT_PROJECT_VERSION = 1;
				GENERATE_INFOPLIST_FILE = YES;
				IPHONEOS_DEPLOYMENT_TARGET = 17.5;
				MARKETING_VERSION = 1.0;
				PRODUCT_BUNDLE_IDENTIFIER = "AlexBochkarev.BestSellers-ExplorerTests";
				PRODUCT_NAME = "$(TARGET_NAME)";
				SWIFT_EMIT_LOC_STRINGS = NO;
				SWIFT_VERSION = 5.0;
				TARGETED_DEVICE_FAMILY = "1,2";
				TEST_HOST = "$(BUILT_PRODUCTS_DIR)/BestSellers Explorer.app/$(BUNDLE_EXECUTABLE_FOLDER_PATH)/BestSellers Explorer";
			};
			name = Release;
		};
		5386898B2BC4D243000B79B7 /* Debug */ = {
			isa = XCBuildConfiguration;
			buildSettings = {
				ALWAYS_SEARCH_USER_PATHS = NO;
				ASSETCATALOG_COMPILER_GENERATE_SWIFT_ASSET_SYMBOL_EXTENSIONS = YES;
				CLANG_ANALYZER_NONNULL = YES;
				CLANG_ANALYZER_NUMBER_OBJECT_CONVERSION = YES_AGGRESSIVE;
				CLANG_CXX_LANGUAGE_STANDARD = "gnu++20";
				CLANG_ENABLE_MODULES = YES;
				CLANG_ENABLE_OBJC_ARC = YES;
				CLANG_ENABLE_OBJC_WEAK = YES;
				CLANG_WARN_BLOCK_CAPTURE_AUTORELEASING = YES;
				CLANG_WARN_BOOL_CONVERSION = YES;
				CLANG_WARN_COMMA = YES;
				CLANG_WARN_CONSTANT_CONVERSION = YES;
				CLANG_WARN_DEPRECATED_OBJC_IMPLEMENTATIONS = YES;
				CLANG_WARN_DIRECT_OBJC_ISA_USAGE = YES_ERROR;
				CLANG_WARN_DOCUMENTATION_COMMENTS = YES;
				CLANG_WARN_EMPTY_BODY = YES;
				CLANG_WARN_ENUM_CONVERSION = YES;
				CLANG_WARN_INFINITE_RECURSION = YES;
				CLANG_WARN_INT_CONVERSION = YES;
				CLANG_WARN_NON_LITERAL_NULL_CONVERSION = YES;
				CLANG_WARN_OBJC_IMPLICIT_RETAIN_SELF = YES;
				CLANG_WARN_OBJC_LITERAL_CONVERSION = YES;
				CLANG_WARN_OBJC_ROOT_CLASS = YES_ERROR;
				CLANG_WARN_QUOTED_INCLUDE_IN_FRAMEWORK_HEADER = YES;
				CLANG_WARN_RANGE_LOOP_ANALYSIS = YES;
				CLANG_WARN_STRICT_PROTOTYPES = YES;
				CLANG_WARN_SUSPICIOUS_MOVE = YES;
				CLANG_WARN_UNGUARDED_AVAILABILITY = YES_AGGRESSIVE;
				CLANG_WARN_UNREACHABLE_CODE = YES;
				CLANG_WARN__DUPLICATE_METHOD_MATCH = YES;
				COPY_PHASE_STRIP = NO;
				DEBUG_INFORMATION_FORMAT = dwarf;
				ENABLE_STRICT_OBJC_MSGSEND = YES;
				ENABLE_TESTABILITY = YES;
				ENABLE_USER_SCRIPT_SANDBOXING = YES;
				GCC_C_LANGUAGE_STANDARD = gnu17;
				GCC_DYNAMIC_NO_PIC = NO;
				GCC_NO_COMMON_BLOCKS = YES;
				GCC_OPTIMIZATION_LEVEL = 0;
				GCC_PREPROCESSOR_DEFINITIONS = (
					"DEBUG=1",
					"$(inherited)",
				);
				GCC_WARN_64_TO_32_BIT_CONVERSION = YES;
				GCC_WARN_ABOUT_RETURN_TYPE = YES_ERROR;
				GCC_WARN_UNDECLARED_SELECTOR = YES;
				GCC_WARN_UNINITIALIZED_AUTOS = YES_AGGRESSIVE;
				GCC_WARN_UNUSED_FUNCTION = YES;
				GCC_WARN_UNUSED_VARIABLE = YES;
				IPHONEOS_DEPLOYMENT_TARGET = 17.5;
				LOCALIZATION_PREFERS_STRING_CATALOGS = YES;
				MTL_ENABLE_DEBUG_INFO = INCLUDE_SOURCE;
				MTL_FAST_MATH = YES;
				ONLY_ACTIVE_ARCH = YES;
				SDKROOT = iphoneos;
				SWIFT_ACTIVE_COMPILATION_CONDITIONS = "DEBUG $(inherited)";
				SWIFT_OPTIMIZATION_LEVEL = "-Onone";
			};
			name = Debug;
		};
		5386898C2BC4D243000B79B7 /* Release */ = {
			isa = XCBuildConfiguration;
			buildSettings = {
				ALWAYS_SEARCH_USER_PATHS = NO;
				ASSETCATALOG_COMPILER_GENERATE_SWIFT_ASSET_SYMBOL_EXTENSIONS = YES;
				CLANG_ANALYZER_NONNULL = YES;
				CLANG_ANALYZER_NUMBER_OBJECT_CONVERSION = YES_AGGRESSIVE;
				CLANG_CXX_LANGUAGE_STANDARD = "gnu++20";
				CLANG_ENABLE_MODULES = YES;
				CLANG_ENABLE_OBJC_ARC = YES;
				CLANG_ENABLE_OBJC_WEAK = YES;
				CLANG_WARN_BLOCK_CAPTURE_AUTORELEASING = YES;
				CLANG_WARN_BOOL_CONVERSION = YES;
				CLANG_WARN_COMMA = YES;
				CLANG_WARN_CONSTANT_CONVERSION = YES;
				CLANG_WARN_DEPRECATED_OBJC_IMPLEMENTATIONS = YES;
				CLANG_WARN_DIRECT_OBJC_ISA_USAGE = YES_ERROR;
				CLANG_WARN_DOCUMENTATION_COMMENTS = YES;
				CLANG_WARN_EMPTY_BODY = YES;
				CLANG_WARN_ENUM_CONVERSION = YES;
				CLANG_WARN_INFINITE_RECURSION = YES;
				CLANG_WARN_INT_CONVERSION = YES;
				CLANG_WARN_NON_LITERAL_NULL_CONVERSION = YES;
				CLANG_WARN_OBJC_IMPLICIT_RETAIN_SELF = YES;
				CLANG_WARN_OBJC_LITERAL_CONVERSION = YES;
				CLANG_WARN_OBJC_ROOT_CLASS = YES_ERROR;
				CLANG_WARN_QUOTED_INCLUDE_IN_FRAMEWORK_HEADER = YES;
				CLANG_WARN_RANGE_LOOP_ANALYSIS = YES;
				CLANG_WARN_STRICT_PROTOTYPES = YES;
				CLANG_WARN_SUSPICIOUS_MOVE = YES;
				CLANG_WARN_UNGUARDED_AVAILABILITY = YES_AGGRESSIVE;
				CLANG_WARN_UNREACHABLE_CODE = YES;
				CLANG_WARN__DUPLICATE_METHOD_MATCH = YES;
				COPY_PHASE_STRIP = NO;
				DEBUG_INFORMATION_FORMAT = "dwarf-with-dsym";
				ENABLE_NS_ASSERTIONS = NO;
				ENABLE_STRICT_OBJC_MSGSEND = YES;
				ENABLE_TESTABILITY = YES;
				ENABLE_USER_SCRIPT_SANDBOXING = YES;
				GCC_C_LANGUAGE_STANDARD = gnu17;
				GCC_NO_COMMON_BLOCKS = YES;
				GCC_WARN_64_TO_32_BIT_CONVERSION = YES;
				GCC_WARN_ABOUT_RETURN_TYPE = YES_ERROR;
				GCC_WARN_UNDECLARED_SELECTOR = YES;
				GCC_WARN_UNINITIALIZED_AUTOS = YES_AGGRESSIVE;
				GCC_WARN_UNUSED_FUNCTION = YES;
				GCC_WARN_UNUSED_VARIABLE = YES;
				IPHONEOS_DEPLOYMENT_TARGET = 17.5;
				LOCALIZATION_PREFERS_STRING_CATALOGS = YES;
				MTL_ENABLE_DEBUG_INFO = NO;
				MTL_FAST_MATH = YES;
				SDKROOT = iphoneos;
				SWIFT_COMPILATION_MODE = wholemodule;
				VALIDATE_PRODUCT = YES;
			};
			name = Release;
		};
		5386898E2BC4D243000B79B7 /* Debug */ = {
			isa = XCBuildConfiguration;
			buildSettings = {
				ASSETCATALOG_COMPILER_APPICON_NAME = AppIcon;
				ASSETCATALOG_COMPILER_GLOBAL_ACCENT_COLOR_NAME = AccentColor;
				CODE_SIGN_STYLE = Automatic;
				CURRENT_PROJECT_VERSION = 1;
				GENERATE_INFOPLIST_FILE = YES;
				INFOPLIST_FILE = "BestSellers Explorer/App/Info.plist";
				INFOPLIST_KEY_UIApplicationSupportsIndirectInputEvents = YES;
				INFOPLIST_KEY_UILaunchStoryboardName = LaunchScreen;
				INFOPLIST_KEY_UISupportedInterfaceOrientations_iPad = "UIInterfaceOrientationPortrait UIInterfaceOrientationPortraitUpsideDown UIInterfaceOrientationLandscapeLeft UIInterfaceOrientationLandscapeRight";
				INFOPLIST_KEY_UISupportedInterfaceOrientations_iPhone = "UIInterfaceOrientationPortrait UIInterfaceOrientationLandscapeLeft UIInterfaceOrientationLandscapeRight";
				LD_RUNPATH_SEARCH_PATHS = (
					"$(inherited)",
					"@executable_path/Frameworks",
				);
				MARKETING_VERSION = 1.0;
				PRODUCT_BUNDLE_IDENTIFIER = "AlexBochkarev.BestSellers-Explorer";
				PRODUCT_NAME = "$(TARGET_NAME)";
				SUPPORTED_PLATFORMS = "iphoneos iphonesimulator";
				SUPPORTS_MACCATALYST = NO;
				SUPPORTS_MAC_DESIGNED_FOR_IPHONE_IPAD = NO;
				SUPPORTS_XR_DESIGNED_FOR_IPHONE_IPAD = NO;
				SWIFT_EMIT_LOC_STRINGS = YES;
				SWIFT_VERSION = 5.0;
				TARGETED_DEVICE_FAMILY = 1;
			};
			name = Debug;
		};
		5386898F2BC4D243000B79B7 /* Release */ = {
			isa = XCBuildConfiguration;
			buildSettings = {
				ASSETCATALOG_COMPILER_APPICON_NAME = AppIcon;
				ASSETCATALOG_COMPILER_GLOBAL_ACCENT_COLOR_NAME = AccentColor;
				CODE_SIGN_STYLE = Automatic;
				CURRENT_PROJECT_VERSION = 1;
				GENERATE_INFOPLIST_FILE = YES;
				INFOPLIST_FILE = "BestSellers Explorer/App/Info.plist";
				INFOPLIST_KEY_UIApplicationSupportsIndirectInputEvents = YES;
				INFOPLIST_KEY_UILaunchStoryboardName = LaunchScreen;
				INFOPLIST_KEY_UISupportedInterfaceOrientations_iPad = "UIInterfaceOrientationPortrait UIInterfaceOrientationPortraitUpsideDown UIInterfaceOrientationLandscapeLeft UIInterfaceOrientationLandscapeRight";
				INFOPLIST_KEY_UISupportedInterfaceOrientations_iPhone = "UIInterfaceOrientationPortrait UIInterfaceOrientationLandscapeLeft UIInterfaceOrientationLandscapeRight";
				LD_RUNPATH_SEARCH_PATHS = (
					"$(inherited)",
					"@executable_path/Frameworks",
				);
				MARKETING_VERSION = 1.0;
				PRODUCT_BUNDLE_IDENTIFIER = "AlexBochkarev.BestSellers-Explorer";
				PRODUCT_NAME = "$(TARGET_NAME)";
				SUPPORTED_PLATFORMS = "iphoneos iphonesimulator";
				SUPPORTS_MACCATALYST = NO;
				SUPPORTS_MAC_DESIGNED_FOR_IPHONE_IPAD = NO;
				SUPPORTS_XR_DESIGNED_FOR_IPHONE_IPAD = NO;
				SWIFT_EMIT_LOC_STRINGS = YES;
				SWIFT_VERSION = 5.0;
				TARGETED_DEVICE_FAMILY = 1;
			};
			name = Release;
		};
/* End XCBuildConfiguration section */

/* Begin XCConfigurationList section */
		5368EB872C1D228C0096BF28 /* Build configuration list for PBXNativeTarget "BestSellers ExplorerTests" */ = {
			isa = XCConfigurationList;
			buildConfigurations = (
				5368EB882C1D228C0096BF28 /* Debug */,
				5368EB892C1D228C0096BF28 /* Release */,
			);
			defaultConfigurationIsVisible = 0;
			defaultConfigurationName = Release;
		};
		538689742BC4D242000B79B7 /* Build configuration list for PBXProject "BestSellers Explorer" */ = {
			isa = XCConfigurationList;
			buildConfigurations = (
				5386898B2BC4D243000B79B7 /* Debug */,
				5386898C2BC4D243000B79B7 /* Release */,
			);
			defaultConfigurationIsVisible = 0;
			defaultConfigurationName = Release;
		};
		5386898D2BC4D243000B79B7 /* Build configuration list for PBXNativeTarget "BestSellers Explorer" */ = {
			isa = XCConfigurationList;
			buildConfigurations = (
				5386898E2BC4D243000B79B7 /* Debug */,
				5386898F2BC4D243000B79B7 /* Release */,
			);
			defaultConfigurationIsVisible = 0;
			defaultConfigurationName = Release;
		};
/* End XCConfigurationList section */

/* Begin XCVersionGroup section */
		5386C1112BC608D3005EF50F /* BestSellers_Explorer.xcdatamodeld */ = {
			isa = XCVersionGroup;
			children = (
				5386C1122BC608D3005EF50F /* BestSellers_Explorer.xcdatamodel */,
			);
			currentVersion = 5386C1122BC608D3005EF50F /* BestSellers_Explorer.xcdatamodel */;
			path = BestSellers_Explorer.xcdatamodeld;
			sourceTree = "<group>";
			versionGroupType = wrapper.xcdatamodel;
		};
/* End XCVersionGroup section */
	};
	rootObject = 538689712BC4D242000B79B7 /* Project object */;
}
