// !$*UTF8*$!
{
	archiveVersion = 1;
	classes = {
	};
	objectVersion = 56;
	objects = {

/* Begin PBXBuildFile section */
		538689862BC4D243000B79B7 /* Assets.xcassets in Resources */ = {isa = PBXBuildFile; fileRef = 538689852BC4D243000B79B7 /* Assets.xcassets */; };
		538689892BC4D243000B79B7 /* Base in Resources */ = {isa = PBXBuildFile; fileRef = 538689882BC4D243000B79B7 /* Base */; };
		53868B712BC4FD7D000B79B7 /* TopBooksList.swift in Sources */ = {isa = PBXBuildFile; fileRef = 53868B6E2BC4FD7D000B79B7 /* TopBooksList.swift */; };
		53868B722BC4FD7D000B79B7 /* CategotyList.swift in Sources */ = {isa = PBXBuildFile; fileRef = 53868B6F2BC4FD7D000B79B7 /* CategotyList.swift */; };
		53868B732BC4FD7D000B79B7 /* BookReview.swift in Sources */ = {isa = PBXBuildFile; fileRef = 53868B702BC4FD7D000B79B7 /* BookReview.swift */; };
		53868B772BC4FD8A000B79B7 /* NetworkManager.swift in Sources */ = {isa = PBXBuildFile; fileRef = 53868B742BC4FD89000B79B7 /* NetworkManager.swift */; };
		53868B782BC4FD8A000B79B7 /* UserDefaultsManager.swift in Sources */ = {isa = PBXBuildFile; fileRef = 53868B752BC4FD89000B79B7 /* UserDefaultsManager.swift */; };
		53868B792BC4FD8A000B79B7 /* ImageCacheManager.swift in Sources */ = {isa = PBXBuildFile; fileRef = 53868B762BC4FD89000B79B7 /* ImageCacheManager.swift */; };
		53868B812BC4FD9C000B79B7 /* TopBooksVC.swift in Sources */ = {isa = PBXBuildFile; fileRef = 53868B7A2BC4FD9C000B79B7 /* TopBooksVC.swift */; };
		53868B822BC4FD9C000B79B7 /* QuizVC.swift in Sources */ = {isa = PBXBuildFile; fileRef = 53868B7B2BC4FD9C000B79B7 /* QuizVC.swift */; };
		53868B832BC4FD9C000B79B7 /* FavoritesVC.swift in Sources */ = {isa = PBXBuildFile; fileRef = 53868B7C2BC4FD9C000B79B7 /* FavoritesVC.swift */; };
		53868B842BC4FD9C000B79B7 /* TopBooksViewCell.swift in Sources */ = {isa = PBXBuildFile; fileRef = 53868B7D2BC4FD9C000B79B7 /* TopBooksViewCell.swift */; };
		53868B852BC4FD9C000B79B7 /* BookInfoVC.swift in Sources */ = {isa = PBXBuildFile; fileRef = 53868B7E2BC4FD9C000B79B7 /* BookInfoVC.swift */; };
		53868B862BC4FD9C000B79B7 /* TabBarViewController.swift in Sources */ = {isa = PBXBuildFile; fileRef = 53868B7F2BC4FD9C000B79B7 /* TabBarViewController.swift */; };
		53868B872BC4FD9C000B79B7 /* FavoritesViewCell.swift in Sources */ = {isa = PBXBuildFile; fileRef = 53868B802BC4FD9C000B79B7 /* FavoritesViewCell.swift */; };
		53868B8A2BC4FDCD000B79B7 /* SceneDelegate.swift in Sources */ = {isa = PBXBuildFile; fileRef = 53868B882BC4FDCD000B79B7 /* SceneDelegate.swift */; };
		53868B8B2BC4FDCD000B79B7 /* AppDelegate.swift in Sources */ = {isa = PBXBuildFile; fileRef = 53868B892BC4FDCD000B79B7 /* AppDelegate.swift */; };
/* End PBXBuildFile section */

/* Begin PBXFileReference section */
		538689792BC4D242000B79B7 /* BestSellers Explorer.app */ = {isa = PBXFileReference; explicitFileType = wrapper.application; includeInIndex = 0; path = "BestSellers Explorer.app"; sourceTree = BUILT_PRODUCTS_DIR; };
		538689852BC4D243000B79B7 /* Assets.xcassets */ = {isa = PBXFileReference; lastKnownFileType = folder.assetcatalog; path = Assets.xcassets; sourceTree = "<group>"; };
		538689882BC4D243000B79B7 /* Base */ = {isa = PBXFileReference; lastKnownFileType = file.storyboard; name = Base; path = Base.lproj/LaunchScreen.storyboard; sourceTree = "<group>"; };
		5386898A2BC4D243000B79B7 /* Info.plist */ = {isa = PBXFileReference; lastKnownFileType = text.plist.xml; path = Info.plist; sourceTree = "<group>"; };
		53868B6E2BC4FD7D000B79B7 /* TopBooksList.swift */ = {isa = PBXFileReference; fileEncoding = 4; lastKnownFileType = sourcecode.swift; path = TopBooksList.swift; sourceTree = "<group>"; };
		53868B6F2BC4FD7D000B79B7 /* CategotyList.swift */ = {isa = PBXFileReference; fileEncoding = 4; lastKnownFileType = sourcecode.swift; path = CategotyList.swift; sourceTree = "<group>"; };
		53868B702BC4FD7D000B79B7 /* BookReview.swift */ = {isa = PBXFileReference; fileEncoding = 4; lastKnownFileType = sourcecode.swift; path = BookReview.swift; sourceTree = "<group>"; };
		53868B742BC4FD89000B79B7 /* NetworkManager.swift */ = {isa = PBXFileReference; fileEncoding = 4; lastKnownFileType = sourcecode.swift; path = NetworkManager.swift; sourceTree = "<group>"; };
		53868B752BC4FD89000B79B7 /* UserDefaultsManager.swift */ = {isa = PBXFileReference; fileEncoding = 4; lastKnownFileType = sourcecode.swift; path = UserDefaultsManager.swift; sourceTree = "<group>"; };
		53868B762BC4FD89000B79B7 /* ImageCacheManager.swift */ = {isa = PBXFileReference; fileEncoding = 4; lastKnownFileType = sourcecode.swift; path = ImageCacheManager.swift; sourceTree = "<group>"; };
		53868B7A2BC4FD9C000B79B7 /* TopBooksVC.swift */ = {isa = PBXFileReference; fileEncoding = 4; lastKnownFileType = sourcecode.swift; path = TopBooksVC.swift; sourceTree = "<group>"; };
		53868B7B2BC4FD9C000B79B7 /* QuizVC.swift */ = {isa = PBXFileReference; fileEncoding = 4; lastKnownFileType = sourcecode.swift; path = QuizVC.swift; sourceTree = "<group>"; };
		53868B7C2BC4FD9C000B79B7 /* FavoritesVC.swift */ = {isa = PBXFileReference; fileEncoding = 4; lastKnownFileType = sourcecode.swift; path = FavoritesVC.swift; sourceTree = "<group>"; };
		53868B7D2BC4FD9C000B79B7 /* TopBooksViewCell.swift */ = {isa = PBXFileReference; fileEncoding = 4; lastKnownFileType = sourcecode.swift; path = TopBooksViewCell.swift; sourceTree = "<group>"; };
		53868B7E2BC4FD9C000B79B7 /* BookInfoVC.swift */ = {isa = PBXFileReference; fileEncoding = 4; lastKnownFileType = sourcecode.swift; path = BookInfoVC.swift; sourceTree = "<group>"; };
		53868B7F2BC4FD9C000B79B7 /* TabBarViewController.swift */ = {isa = PBXFileReference; fileEncoding = 4; lastKnownFileType = sourcecode.swift; path = TabBarViewController.swift; sourceTree = "<group>"; };
		53868B802BC4FD9C000B79B7 /* FavoritesViewCell.swift */ = {isa = PBXFileReference; fileEncoding = 4; lastKnownFileType = sourcecode.swift; path = FavoritesViewCell.swift; sourceTree = "<group>"; };
		53868B882BC4FDCD000B79B7 /* SceneDelegate.swift */ = {isa = PBXFileReference; fileEncoding = 4; lastKnownFileType = sourcecode.swift; path = SceneDelegate.swift; sourceTree = "<group>"; };
		53868B892BC4FDCD000B79B7 /* AppDelegate.swift */ = {isa = PBXFileReference; fileEncoding = 4; lastKnownFileType = sourcecode.swift; path = AppDelegate.swift; sourceTree = "<group>"; };
/* End PBXFileReference section */

/* Begin PBXFrameworksBuildPhase section */
		538689762BC4D242000B79B7 /* Frameworks */ = {
			isa = PBXFrameworksBuildPhase;
			buildActionMask = 2147483647;
			files = (
			);
			runOnlyForDeploymentPostprocessing = 0;
		};
/* End PBXFrameworksBuildPhase section */

/* Begin PBXGroup section */
		538689702BC4D242000B79B7 = {
			isa = PBXGroup;
			children = (
				5386897B2BC4D242000B79B7 /* BestSellers Explorer */,
				5386897A2BC4D242000B79B7 /* Products */,
			);
			sourceTree = "<group>";
		};
		5386897A2BC4D242000B79B7 /* Products */ = {
			isa = PBXGroup;
			children = (
				538689792BC4D242000B79B7 /* BestSellers Explorer.app */,
			);
			name = Products;
			sourceTree = "<group>";
		};
		5386897B2BC4D242000B79B7 /* BestSellers Explorer */ = {
			isa = PBXGroup;
			children = (
				538689902BC4D946000B79B7 /* Models */,
				538689912BC4D955000B79B7 /* Services */,
				538689922BC4D969000B79B7 /* ViewControllers */,
				538689932BC4DCF2000B79B7 /* StoryBoards */,
				538689942BC4DCFD000B79B7 /* Resources */,
				538689952BC4DD0A000B79B7 /* App */,
			);
			path = "BestSellers Explorer";
			sourceTree = "<group>";
		};
		538689902BC4D946000B79B7 /* Models */ = {
			isa = PBXGroup;
			children = (
				53868B702BC4FD7D000B79B7 /* BookReview.swift */,
				53868B6F2BC4FD7D000B79B7 /* CategotyList.swift */,
				53868B6E2BC4FD7D000B79B7 /* TopBooksList.swift */,
			);
			path = Models;
			sourceTree = "<group>";
		};
		538689912BC4D955000B79B7 /* Services */ = {
			isa = PBXGroup;
			children = (
				53868B762BC4FD89000B79B7 /* ImageCacheManager.swift */,
				53868B742BC4FD89000B79B7 /* NetworkManager.swift */,
				53868B752BC4FD89000B79B7 /* UserDefaultsManager.swift */,
			);
			path = Services;
			sourceTree = "<group>";
		};
		538689922BC4D969000B79B7 /* ViewControllers */ = {
			isa = PBXGroup;
			children = (
				53868B7E2BC4FD9C000B79B7 /* BookInfoVC.swift */,
				53868B7C2BC4FD9C000B79B7 /* FavoritesVC.swift */,
				53868B802BC4FD9C000B79B7 /* FavoritesViewCell.swift */,
				53868B7B2BC4FD9C000B79B7 /* QuizVC.swift */,
				53868B7F2BC4FD9C000B79B7 /* TabBarViewController.swift */,
				53868B7A2BC4FD9C000B79B7 /* TopBooksVC.swift */,
				53868B7D2BC4FD9C000B79B7 /* TopBooksViewCell.swift */,
			);
			path = ViewControllers;
			sourceTree = "<group>";
		};
		538689932BC4DCF2000B79B7 /* StoryBoards */ = {
			isa = PBXGroup;
			children = (
				538689872BC4D243000B79B7 /* LaunchScreen.storyboard */,
			);
			path = StoryBoards;
			sourceTree = "<group>";
		};
		538689942BC4DCFD000B79B7 /* Resources */ = {
			isa = PBXGroup;
			children = (
				538689852BC4D243000B79B7 /* Assets.xcassets */,
			);
			path = Resources;
			sourceTree = "<group>";
		};
		538689952BC4DD0A000B79B7 /* App */ = {
			isa = PBXGroup;
			children = (
				53868B892BC4FDCD000B79B7 /* AppDelegate.swift */,
				53868B882BC4FDCD000B79B7 /* SceneDelegate.swift */,
				5386898A2BC4D243000B79B7 /* Info.plist */,
			);
			path = App;
			sourceTree = "<group>";
		};
/* End PBXGroup section */

/* Begin PBXNativeTarget section */
		538689782BC4D242000B79B7 /* BestSellers Explorer */ = {
			isa = PBXNativeTarget;
			buildConfigurationList = 5386898D2BC4D243000B79B7 /* Build configuration list for PBXNativeTarget "BestSellers Explorer" */;
			buildPhases = (
				538689752BC4D242000B79B7 /* Sources */,
				538689762BC4D242000B79B7 /* Frameworks */,
				538689772BC4D242000B79B7 /* Resources */,
			);
			buildRules = (
			);
			dependencies = (
			);
			name = "BestSellers Explorer";
			productName = "BestSellers Explorer";
			productReference = 538689792BC4D242000B79B7 /* BestSellers Explorer.app */;
			productType = "com.apple.product-type.application";
		};
/* End PBXNativeTarget section */

/* Begin PBXProject section */
		538689712BC4D242000B79B7 /* Project object */ = {
			isa = PBXProject;
			attributes = {
				BuildIndependentTargetsInParallel = 1;
				LastSwiftUpdateCheck = 1530;
				LastUpgradeCheck = 1530;
				TargetAttributes = {
					538689782BC4D242000B79B7 = {
						CreatedOnToolsVersion = 15.3;
					};
				};
			};
			buildConfigurationList = 538689742BC4D242000B79B7 /* Build configuration list for PBXProject "BestSellers Explorer" */;
			compatibilityVersion = "Xcode 14.0";
			developmentRegion = en;
			hasScannedForEncodings = 0;
			knownRegions = (
				en,
				Base,
			);
			mainGroup = 538689702BC4D242000B79B7;
			productRefGroup = 5386897A2BC4D242000B79B7 /* Products */;
			projectDirPath = "";
			projectRoot = "";
			targets = (
				538689782BC4D242000B79B7 /* BestSellers Explorer */,
			);
		};
/* End PBXProject section */

/* Begin PBXResourcesBuildPhase section */
		538689772BC4D242000B79B7 /* Resources */ = {
			isa = PBXResourcesBuildPhase;
			buildActionMask = 2147483647;
			files = (
				538689862BC4D243000B79B7 /* Assets.xcassets in Resources */,
				538689892BC4D243000B79B7 /* Base in Resources */,
			);
			runOnlyForDeploymentPostprocessing = 0;
		};
/* End PBXResourcesBuildPhase section */

/* Begin PBXSourcesBuildPhase section */
		538689752BC4D242000B79B7 /* Sources */ = {
			isa = PBXSourcesBuildPhase;
			buildActionMask = 2147483647;
			files = (
				53868B832BC4FD9C000B79B7 /* FavoritesVC.swift in Sources */,
				53868B8A2BC4FDCD000B79B7 /* SceneDelegate.swift in Sources */,
				53868B842BC4FD9C000B79B7 /* TopBooksViewCell.swift in Sources */,
				53868B8B2BC4FDCD000B79B7 /* AppDelegate.swift in Sources */,
				53868B872BC4FD9C000B79B7 /* FavoritesViewCell.swift in Sources */,
				53868B722BC4FD7D000B79B7 /* CategotyList.swift in Sources */,
				53868B822BC4FD9C000B79B7 /* QuizVC.swift in Sources */,
				53868B862BC4FD9C000B79B7 /* TabBarViewController.swift in Sources */,
				53868B792BC4FD8A000B79B7 /* ImageCacheManager.swift in Sources */,
				53868B732BC4FD7D000B79B7 /* BookReview.swift in Sources */,
				53868B772BC4FD8A000B79B7 /* NetworkManager.swift in Sources */,
				53868B712BC4FD7D000B79B7 /* TopBooksList.swift in Sources */,
				53868B812BC4FD9C000B79B7 /* TopBooksVC.swift in Sources */,
				53868B782BC4FD8A000B79B7 /* UserDefaultsManager.swift in Sources */,
				53868B852BC4FD9C000B79B7 /* BookInfoVC.swift in Sources */,
			);
			runOnlyForDeploymentPostprocessing = 0;
		};
/* End PBXSourcesBuildPhase section */

/* Begin PBXVariantGroup section */
		538689872BC4D243000B79B7 /* LaunchScreen.storyboard */ = {
			isa = PBXVariantGroup;
			children = (
				538689882BC4D243000B79B7 /* Base */,
			);
			name = LaunchScreen.storyboard;
			sourceTree = "<group>";
		};
/* End PBXVariantGroup section */

/* Begin XCBuildConfiguration section */
		5386898B2BC4D243000B79B7 /* Debug */ = {
			isa = XCBuildConfiguration;
			buildSettings = {
				ALWAYS_SEARCH_USER_PATHS = NO;
				ASSETCATALOG_COMPILER_GENERATE_SWIFT_ASSET_SYMBOL_EXTENSIONS = YES;
				CLANG_ANALYZER_NONNULL = YES;
				CLANG_ANALYZER_NUMBER_OBJECT_CONVERSION = YES_AGGRESSIVE;
				CLANG_CXX_LANGUAGE_STANDARD = "gnu++20";
				CLANG_ENABLE_MODULES = YES;
				CLANG_ENABLE_OBJC_ARC = YES;
				CLANG_ENABLE_OBJC_WEAK = YES;
				CLANG_WARN_BLOCK_CAPTURE_AUTORELEASING = YES;
				CLANG_WARN_BOOL_CONVERSION = YES;
				CLANG_WARN_COMMA = YES;
				CLANG_WARN_CONSTANT_CONVERSION = YES;
				CLANG_WARN_DEPRECATED_OBJC_IMPLEMENTATIONS = YES;
				CLANG_WARN_DIRECT_OBJC_ISA_USAGE = YES_ERROR;
				CLANG_WARN_DOCUMENTATION_COMMENTS = YES;
				CLANG_WARN_EMPTY_BODY = YES;
				CLANG_WARN_ENUM_CONVERSION = YES;
				CLANG_WARN_INFINITE_RECURSION = YES;
				CLANG_WARN_INT_CONVERSION = YES;
				CLANG_WARN_NON_LITERAL_NULL_CONVERSION = YES;
				CLANG_WARN_OBJC_IMPLICIT_RETAIN_SELF = YES;
				CLANG_WARN_OBJC_LITERAL_CONVERSION = YES;
				CLANG_WARN_OBJC_ROOT_CLASS = YES_ERROR;
				CLANG_WARN_QUOTED_INCLUDE_IN_FRAMEWORK_HEADER = YES;
				CLANG_WARN_RANGE_LOOP_ANALYSIS = YES;
				CLANG_WARN_STRICT_PROTOTYPES = YES;
				CLANG_WARN_SUSPICIOUS_MOVE = YES;
				CLANG_WARN_UNGUARDED_AVAILABILITY = YES_AGGRESSIVE;
				CLANG_WARN_UNREACHABLE_CODE = YES;
				CLANG_WARN__DUPLICATE_METHOD_MATCH = YES;
				COPY_PHASE_STRIP = NO;
				DEBUG_INFORMATION_FORMAT = dwarf;
				ENABLE_STRICT_OBJC_MSGSEND = YES;
				ENABLE_TESTABILITY = YES;
				ENABLE_USER_SCRIPT_SANDBOXING = YES;
				GCC_C_LANGUAGE_STANDARD = gnu17;
				GCC_DYNAMIC_NO_PIC = NO;
				GCC_NO_COMMON_BLOCKS = YES;
				GCC_OPTIMIZATION_LEVEL = 0;
				GCC_PREPROCESSOR_DEFINITIONS = (
					"DEBUG=1",
					"$(inherited)",
				);
				GCC_WARN_64_TO_32_BIT_CONVERSION = YES;
				GCC_WARN_ABOUT_RETURN_TYPE = YES_ERROR;
				GCC_WARN_UNDECLARED_SELECTOR = YES;
				GCC_WARN_UNINITIALIZED_AUTOS = YES_AGGRESSIVE;
				GCC_WARN_UNUSED_FUNCTION = YES;
				GCC_WARN_UNUSED_VARIABLE = YES;
				IPHONEOS_DEPLOYMENT_TARGET = 17.4;
				LOCALIZATION_PREFERS_STRING_CATALOGS = YES;
				MTL_ENABLE_DEBUG_INFO = INCLUDE_SOURCE;
				MTL_FAST_MATH = YES;
				ONLY_ACTIVE_ARCH = YES;
				SDKROOT = iphoneos;
				SWIFT_ACTIVE_COMPILATION_CONDITIONS = "DEBUG $(inherited)";
				SWIFT_OPTIMIZATION_LEVEL = "-Onone";
			};
			name = Debug;
		};
		5386898C2BC4D243000B79B7 /* Release */ = {
			isa = XCBuildConfiguration;
			buildSettings = {
				ALWAYS_SEARCH_USER_PATHS = NO;
				ASSETCATALOG_COMPILER_GENERATE_SWIFT_ASSET_SYMBOL_EXTENSIONS = YES;
				CLANG_ANALYZER_NONNULL = YES;
				CLANG_ANALYZER_NUMBER_OBJECT_CONVERSION = YES_AGGRESSIVE;
				CLANG_CXX_LANGUAGE_STANDARD = "gnu++20";
				CLANG_ENABLE_MODULES = YES;
				CLANG_ENABLE_OBJC_ARC = YES;
				CLANG_ENABLE_OBJC_WEAK = YES;
				CLANG_WARN_BLOCK_CAPTURE_AUTORELEASING = YES;
				CLANG_WARN_BOOL_CONVERSION = YES;
				CLANG_WARN_COMMA = YES;
				CLANG_WARN_CONSTANT_CONVERSION = YES;
				CLANG_WARN_DEPRECATED_OBJC_IMPLEMENTATIONS = YES;
				CLANG_WARN_DIRECT_OBJC_ISA_USAGE = YES_ERROR;
				CLANG_WARN_DOCUMENTATION_COMMENTS = YES;
				CLANG_WARN_EMPTY_BODY = YES;
				CLANG_WARN_ENUM_CONVERSION = YES;
				CLANG_WARN_INFINITE_RECURSION = YES;
				CLANG_WARN_INT_CONVERSION = YES;
				CLANG_WARN_NON_LITERAL_NULL_CONVERSION = YES;
				CLANG_WARN_OBJC_IMPLICIT_RETAIN_SELF = YES;
				CLANG_WARN_OBJC_LITERAL_CONVERSION = YES;
				CLANG_WARN_OBJC_ROOT_CLASS = YES_ERROR;
				CLANG_WARN_QUOTED_INCLUDE_IN_FRAMEWORK_HEADER = YES;
				CLANG_WARN_RANGE_LOOP_ANALYSIS = YES;
				CLANG_WARN_STRICT_PROTOTYPES = YES;
				CLANG_WARN_SUSPICIOUS_MOVE = YES;
				CLANG_WARN_UNGUARDED_AVAILABILITY = YES_AGGRESSIVE;
				CLANG_WARN_UNREACHABLE_CODE = YES;
				CLANG_WARN__DUPLICATE_METHOD_MATCH = YES;
				COPY_PHASE_STRIP = NO;
				DEBUG_INFORMATION_FORMAT = "dwarf-with-dsym";
				ENABLE_NS_ASSERTIONS = NO;
				ENABLE_STRICT_OBJC_MSGSEND = YES;
				ENABLE_USER_SCRIPT_SANDBOXING = YES;
				GCC_C_LANGUAGE_STANDARD = gnu17;
				GCC_NO_COMMON_BLOCKS = YES;
				GCC_WARN_64_TO_32_BIT_CONVERSION = YES;
				GCC_WARN_ABOUT_RETURN_TYPE = YES_ERROR;
				GCC_WARN_UNDECLARED_SELECTOR = YES;
				GCC_WARN_UNINITIALIZED_AUTOS = YES_AGGRESSIVE;
				GCC_WARN_UNUSED_FUNCTION = YES;
				GCC_WARN_UNUSED_VARIABLE = YES;
				IPHONEOS_DEPLOYMENT_TARGET = 17.4;
				LOCALIZATION_PREFERS_STRING_CATALOGS = YES;
				MTL_ENABLE_DEBUG_INFO = NO;
				MTL_FAST_MATH = YES;
				SDKROOT = iphoneos;
				SWIFT_COMPILATION_MODE = wholemodule;
				VALIDATE_PRODUCT = YES;
			};
			name = Release;
		};
		5386898E2BC4D243000B79B7 /* Debug */ = {
			isa = XCBuildConfiguration;
			buildSettings = {
				ASSETCATALOG_COMPILER_APPICON_NAME = AppIcon;
				ASSETCATALOG_COMPILER_GLOBAL_ACCENT_COLOR_NAME = AccentColor;
				CODE_SIGN_STYLE = Automatic;
				CURRENT_PROJECT_VERSION = 1;
				GENERATE_INFOPLIST_FILE = YES;
				INFOPLIST_FILE = "BestSellers Explorer/App/Info.plist";
				INFOPLIST_KEY_UIApplicationSupportsIndirectInputEvents = YES;
				INFOPLIST_KEY_UILaunchStoryboardName = LaunchScreen;
				INFOPLIST_KEY_UISupportedInterfaceOrientations_iPad = "UIInterfaceOrientationPortrait UIInterfaceOrientationPortraitUpsideDown UIInterfaceOrientationLandscapeLeft UIInterfaceOrientationLandscapeRight";
				INFOPLIST_KEY_UISupportedInterfaceOrientations_iPhone = "UIInterfaceOrientationPortrait UIInterfaceOrientationLandscapeLeft UIInterfaceOrientationLandscapeRight";
				LD_RUNPATH_SEARCH_PATHS = (
					"$(inherited)",
					"@executable_path/Frameworks",
				);
				MARKETING_VERSION = 1.0;
				PRODUCT_BUNDLE_IDENTIFIER = "AlexBochkarev.BestSellers-Explorer";
				PRODUCT_NAME = "$(TARGET_NAME)";
				SUPPORTED_PLATFORMS = "iphoneos iphonesimulator";
				SUPPORTS_MACCATALYST = NO;
				SUPPORTS_MAC_DESIGNED_FOR_IPHONE_IPAD = NO;
				SUPPORTS_XR_DESIGNED_FOR_IPHONE_IPAD = NO;
				SWIFT_EMIT_LOC_STRINGS = YES;
				SWIFT_VERSION = 5.0;
				TARGETED_DEVICE_FAMILY = 1;
			};
			name = Debug;
		};
		5386898F2BC4D243000B79B7 /* Release */ = {
			isa = XCBuildConfiguration;
			buildSettings = {
				ASSETCATALOG_COMPILER_APPICON_NAME = AppIcon;
				ASSETCATALOG_COMPILER_GLOBAL_ACCENT_COLOR_NAME = AccentColor;
				CODE_SIGN_STYLE = Automatic;
				CURRENT_PROJECT_VERSION = 1;
				GENERATE_INFOPLIST_FILE = YES;
				INFOPLIST_FILE = "BestSellers Explorer/App/Info.plist";
				INFOPLIST_KEY_UIApplicationSupportsIndirectInputEvents = YES;
				INFOPLIST_KEY_UILaunchStoryboardName = LaunchScreen;
				INFOPLIST_KEY_UISupportedInterfaceOrientations_iPad = "UIInterfaceOrientationPortrait UIInterfaceOrientationPortraitUpsideDown UIInterfaceOrientationLandscapeLeft UIInterfaceOrientationLandscapeRight";
				INFOPLIST_KEY_UISupportedInterfaceOrientations_iPhone = "UIInterfaceOrientationPortrait UIInterfaceOrientationLandscapeLeft UIInterfaceOrientationLandscapeRight";
				LD_RUNPATH_SEARCH_PATHS = (
					"$(inherited)",
					"@executable_path/Frameworks",
				);
				MARKETING_VERSION = 1.0;
				PRODUCT_BUNDLE_IDENTIFIER = "AlexBochkarev.BestSellers-Explorer";
				PRODUCT_NAME = "$(TARGET_NAME)";
				SUPPORTED_PLATFORMS = "iphoneos iphonesimulator";
				SUPPORTS_MACCATALYST = NO;
				SUPPORTS_MAC_DESIGNED_FOR_IPHONE_IPAD = NO;
				SUPPORTS_XR_DESIGNED_FOR_IPHONE_IPAD = NO;
				SWIFT_EMIT_LOC_STRINGS = YES;
				SWIFT_VERSION = 5.0;
				TARGETED_DEVICE_FAMILY = 1;
			};
			name = Release;
		};
/* End XCBuildConfiguration section */

/* Begin XCConfigurationList section */
		538689742BC4D242000B79B7 /* Build configuration list for PBXProject "BestSellers Explorer" */ = {
			isa = XCConfigurationList;
			buildConfigurations = (
				5386898B2BC4D243000B79B7 /* Debug */,
				5386898C2BC4D243000B79B7 /* Release */,
			);
			defaultConfigurationIsVisible = 0;
			defaultConfigurationName = Release;
		};
		5386898D2BC4D243000B79B7 /* Build configuration list for PBXNativeTarget "BestSellers Explorer" */ = {
			isa = XCConfigurationList;
			buildConfigurations = (
				5386898E2BC4D243000B79B7 /* Debug */,
				5386898F2BC4D243000B79B7 /* Release */,
			);
			defaultConfigurationIsVisible = 0;
			defaultConfigurationName = Release;
		};
/* End XCConfigurationList section */
	};
	rootObject = 538689712BC4D242000B79B7 /* Project object */;
}
